<?xml version="1.0" encoding="utf-8"?>
<Project ToolsVersion="4.0" xmlns="http://schemas.microsoft.com/developer/msbuild/2003">
  <ItemGroup>
    <Filter Include="Source Files">
      <UniqueIdentifier>{4FC737F1-C7A5-4376-A066-2A32D752A2FF}</UniqueIdentifier>
      <Extensions>cpp;c;cc;cxx;def;odl;idl;hpj;bat;asm;asmx</Extensions>
    </Filter>
    <Filter Include="Header Files">
      <UniqueIdentifier>{93995380-89BD-4b04-88EB-625FBE52EBFB}</UniqueIdentifier>
      <Extensions>h;hh;hpp;hxx;hm;inl;inc;xsd</Extensions>
    </Filter>
    <Filter Include="Resource Files">
      <UniqueIdentifier>{67DA6AB6-F800-4c08-8B7A-83BB121AAD01}</UniqueIdentifier>
      <Extensions>rc;ico;cur;bmp;dlg;rc2;rct;bin;rgs;gif;jpg;jpeg;jpe;resx;tiff;tif;png;wav;mfcribbon-ms</Extensions>
    </Filter>
  </ItemGroup>
  <ItemGroup>
    <ClCompile Include="ReadWriteTree.cpp">
      <Filter>Source Files</Filter>
    </ClCompile>
    <ClCompile Include="plotTimeSpectra.cpp">
      <Filter>Source Files</Filter>
    </ClCompile>
    <ClCompile Include="treeIO.cpp">
      <Filter>Source Files</Filter>
    </ClCompile>
    <ClCompile Include="plotTimeSpectraDS.cpp">
      <Filter>Source Files</Filter>
    </ClCompile>
    <ClCompile Include="firstCut.cpp">
      <Filter>Source Files</Filter>
    </ClCompile>
    <ClCompile Include="constructEvents.cpp">
      <Filter>Source Files</Filter>
    </ClCompile>
    <ClCompile Include="calculateTimeSums.cpp">
      <Filter>Source Files</Filter>
    </ClCompile>
    <ClCompile Include="checkTimeSums.cpp">
      <Filter>Source Files</Filter>
    </ClCompile>
    <ClCompile Include="plotTimeSums.cpp">
      <Filter>Source Files</Filter>
    </ClCompile>
    <ClCompile Include="plotTimeSpectraEvents.cpp">
      <Filter>Source Files</Filter>
    </ClCompile>
    <ClCompile Include="identifyAndTime.cpp">
      <Filter>Source Files</Filter>
    </ClCompile>
    <ClCompile Include="selectPosIonElec.cpp">
      <Filter>Source Files</Filter>
    </ClCompile>
    <ClCompile Include="..\app\checkReconstructable.cpp">
      <Filter>Source Files</Filter>
    </ClCompile>
    <ClCompile Include="calculatePitchProp.cpp">
      <Filter>Source Files</Filter>
    </ClCompile>
    <ClCompile Include="sortReconData.cpp">
      <Filter>Source Files</Filter>
    </ClCompile>
    <ClCompile Include="convertLayerPosition.cpp">
      <Filter>Source Files</Filter>
    </ClCompile>
    <ClCompile Include="convertCartesian.cpp">
      <Filter>Source Files</Filter>
    </ClCompile>
    <ClCompile Include="histogramXYPositions.cpp">
      <Filter>Source Files</Filter>
    </ClCompile>
    <ClCompile Include="loadFromTreeExistingDataset.cpp">
      <Filter>Source Files</Filter>
    </ClCompile>
    <ClCompile Include="histogramElectronLayers.cpp">
      <Filter>Source Files</Filter>
    </ClCompile>
    <ClCompile Include="differenceOfLayers.cpp">
      <Filter>Source Files</Filter>
    </ClCompile>
    <ClCompile Include="histogramDifferenceElecLayers.cpp">
      <Filter>Source Files</Filter>
    </ClCompile>
    <ClCompile Include="scanFiles.cpp">
      <Filter>Source Files</Filter>
    </ClCompile>
    <ClCompile Include="histogramMaskLayers.cpp">
      <Filter>Source Files</Filter>
    </ClCompile>
    <ClCompile Include="histogramUVWPositions.cpp">
      <Filter>Source Files</Filter>
    </ClCompile>
    <ClCompile Include="positionsTreeToDataSet.cpp">
      <Filter>Source Files</Filter>
    </ClCompile>
    <ClCompile Include="getCalibrationParameters.cpp">
      <Filter>Source Files</Filter>
    </ClCompile>
    <ClCompile Include="createMaskDataTree.cpp">
      <Filter>Source Files</Filter>
    </ClCompile>
    <ClCompile Include="checkDensity.cpp">
      <Filter>Source Files</Filter>
    </ClCompile>
    <ClCompile Include="histogramDensity.cpp">
      <Filter>Source Files</Filter>
    </ClCompile>
    <ClCompile Include="calibrateFromSlope.cpp">
      <Filter>Source Files</Filter>
    </ClCompile>
    <ClCompile Include="sumOfDifference.cpp">
      <Filter>Source Files</Filter>
    </ClCompile>
    <ClCompile Include="plotTimeSpectrareconData.cpp">
      <Filter>Source Files</Filter>
    </ClCompile>
  </ItemGroup>
  <ItemGroup>
    <ClInclude Include="configuration.h">
      <Filter>Source Files</Filter>
    </ClInclude>
    <ClInclude Include="..\app\configparticletimes.h">
      <Filter>Source Files</Filter>
    </ClInclude>
    <ClInclude Include="LayerLengthsConfig.h">
      <Filter>Source Files</Filter>
    </ClInclude>
    <ClInclude Include="..\app\configlayers.h">
      <Filter>Source Files</Filter>
    </ClInclude>
  </ItemGroup>
  <ItemGroup>
    <Text Include="..\app\ReadMe.txt" />
  </ItemGroup>
</Project>